
Microsoft Visual Studio Solution File, Format Version 12.00
# Visual Studio Version 17
VisualStudioVersion = 17.10.35004.147
MinimumVisualStudioVersion = 10.0.40219.1
Project("{FAE04EC0-301F-11D3-BF4B-00C04F79EFBC}") = "controlExit", "controlExit.csproj", "{B01AB073-1B1A-439B-8C40-C04059B541EE}"
EndProject
Global
	GlobalSection(SolutionConfigurationPlatforms) = preSolution
		Debug|Any CPU = Debug|Any CPU
		Release|Any CPU = Release|Any CPU
	EndGlobalSection
	GlobalSection(ProjectConfigurationPlatforms) = postSolution
		{B01AB073-1B1A-439B-8C40-C04059B541EE}.Debug|Any CPU.ActiveCfg = Debug|Any CPU
		{B01AB073-1B1A-439B-8C40-C04059B541EE}.Debug|Any CPU.Build.0 = Debug|Any CPU
		{B01AB073-1B1A-439B-8C40-C04059B541EE}.Release|Any CPU.ActiveCfg = Release|Any CPU
		{B01AB073-1B1A-439B-8C40-C04059B541EE}.Release|Any CPU.Build.0 = Release|Any CPU
	EndGlobalSection
	GlobalSection(SolutionProperties) = preSolution
		HideSolutionNode = FALSE
	EndGlobalSection
	GlobalSection(ExtensibilityGlobals) = postSolution
		SolutionGuid = {41C23DA5-97CA-4DD5-ADD5-C0645FEA486A}
	EndGlobalSection
EndGlobal
